// !$*UTF8*$!
{
	archiveVersion = 1;
	classes = {
	};
	objectVersion = 56;
	objects = {

/* Begin PBXBuildFile section */
		5A75E5BA2CB964B6003A34C5 /* same_tree_Inv_100.cpp in Sources */ = {isa = PBXBuildFile; fileRef = 5A75E5B92CB96403003A34C5 /* same_tree_Inv_100.cpp */; };
/* End PBXBuildFile section */

/* Begin PBXCopyFilesBuildPhase section */
		5A5B6DD52C7D314000A6CD20 /* CopyFiles */ = {
			isa = PBXCopyFilesBuildPhase;
			buildActionMask = 2147483647;
			dstPath = /usr/share/man/man1/;
			dstSubfolderSpec = 0;
			files = (
			);
			runOnlyForDeploymentPostprocessing = 1;
		};
/* End PBXCopyFilesBuildPhase section */

/* Begin PBXFileReference section */
		5A2EACDF2C8B43AE00DEED1B /* stock_prices.cpp */ = {isa = PBXFileReference; lastKnownFileType = sourcecode.cpp.cpp; path = stock_prices.cpp; sourceTree = "<group>"; };
		5A41C3182CAB8549007DAC56 /* Leetcode_task */ = {isa = PBXFileReference; explicitFileType = "compiled.mach-o.executable"; includeInIndex = 0; path = Leetcode_task; sourceTree = BUILT_PRODUCTS_DIR; };
		5A41C3192CAB865B007DAC56 /* world_pattern_Inv_290.cpp */ = {isa = PBXFileReference; lastKnownFileType = sourcecode.cpp.cpp; path = world_pattern_Inv_290.cpp; sourceTree = "<group>"; };
		5A5B6DDA2C7D314000A6CD20 /* leetcode_merge.cpp */ = {isa = PBXFileReference; lastKnownFileType = sourcecode.cpp.cpp; path = leetcode_merge.cpp; sourceTree = "<group>"; };
		5A6FC25A2CAFCC4200707BD4 /* happy_number_Inv202.cpp */ = {isa = PBXFileReference; lastKnownFileType = sourcecode.cpp.cpp; path = happy_number_Inv202.cpp; sourceTree = "<group>"; };
		5A75E5B92CB96403003A34C5 /* same_tree_Inv_100.cpp */ = {isa = PBXFileReference; lastKnownFileType = sourcecode.cpp.cpp; path = same_tree_Inv_100.cpp; sourceTree = "<group>"; };
		5AA444142CA7AA9000000E5B /* Ransom_note_Inv_383.cpp */ = {isa = PBXFileReference; lastKnownFileType = sourcecode.cpp.cpp; path = Ransom_note_Inv_383.cpp; sourceTree = "<group>"; };
		5AAB52AF2CA99A5F00991822 /* isIsomorphic.cpp */ = {isa = PBXFileReference; lastKnownFileType = sourcecode.cpp.cpp; path = isIsomorphic.cpp; sourceTree = "<group>"; };
		5ABB55FB2CA44586001A6E01 /* Str_Needle_1st_Inv28.cpp */ = {isa = PBXFileReference; lastKnownFileType = sourcecode.cpp.cpp; path = Str_Needle_1st_Inv28.cpp; sourceTree = "<group>"; };
		5ACACE0F2C8F945400DCA217 /* simple_test.cpp */ = {isa = PBXFileReference; lastKnownFileType = sourcecode.cpp.cpp; path = simple_test.cpp; sourceTree = "<group>"; };
		5AD1FC872C8DA6090042BD1C /* canJump.cpp */ = {isa = PBXFileReference; lastKnownFileType = sourcecode.cpp.cpp; path = canJump.cpp; sourceTree = "<group>"; };
/* End PBXFileReference section */

/* Begin PBXFrameworksBuildPhase section */
		5A5B6DD42C7D314000A6CD20 /* Frameworks */ = {
			isa = PBXFrameworksBuildPhase;
			buildActionMask = 2147483647;
			files = (
			);
			runOnlyForDeploymentPostprocessing = 0;
		};
/* End PBXFrameworksBuildPhase section */

/* Begin PBXGroup section */
		5A5B6DCE2C7D314000A6CD20 = {
			isa = PBXGroup;
			children = (
				5A5B6DD92C7D314000A6CD20 /* Leetcode_task */,
				5A41C3182CAB8549007DAC56 /* Leetcode_task */,
			);
			sourceTree = "<group>";
		};
		5A5B6DD92C7D314000A6CD20 /* Leetcode_task */ = {
			isa = PBXGroup;
			children = (
				5A75E5B92CB96403003A34C5 /* same_tree_Inv_100.cpp */,
				5A6FC25A2CAFCC4200707BD4 /* happy_number_Inv202.cpp */,
				5A5B6DDA2C7D314000A6CD20 /* leetcode_merge.cpp */,
				5A2EACDF2C8B43AE00DEED1B /* stock_prices.cpp */,
				5AD1FC872C8DA6090042BD1C /* canJump.cpp */,
				5ACACE0F2C8F945400DCA217 /* simple_test.cpp */,
				5ABB55FB2CA44586001A6E01 /* Str_Needle_1st_Inv28.cpp */,
				5AA444142CA7AA9000000E5B /* Ransom_note_Inv_383.cpp */,
				5AAB52AF2CA99A5F00991822 /* isIsomorphic.cpp */,
				5A41C3192CAB865B007DAC56 /* world_pattern_Inv_290.cpp */,
			);
			path = Leetcode_task;
			sourceTree = "<group>";
		};
/* End PBXGroup section */

/* Begin PBXNativeTarget section */
		5A5B6DD62C7D314000A6CD20 /* Leetcode_task */ = {
			isa = PBXNativeTarget;
			buildConfigurationList = 5A5B6DDE2C7D314000A6CD20 /* Build configuration list for PBXNativeTarget "Leetcode_task" */;
			buildPhases = (
				5A5B6DD32C7D314000A6CD20 /* Sources */,
				5A5B6DD42C7D314000A6CD20 /* Frameworks */,
				5A5B6DD52C7D314000A6CD20 /* CopyFiles */,
			);
			buildRules = (
			);
			dependencies = (
			);
			name = Leetcode_task;
			productName = Leetcode_task;
			productReference = 5A41C3182CAB8549007DAC56 /* Leetcode_task */;
			productType = "com.apple.product-type.tool";
		};
/* End PBXNativeTarget section */

/* Begin PBXProject section */
		5A5B6DCF2C7D314000A6CD20 /* Project object */ = {
			isa = PBXProject;
			attributes = {
				BuildIndependentTargetsInParallel = 1;
				LastUpgradeCheck = 1540;
				TargetAttributes = {
					5A5B6DD62C7D314000A6CD20 = {
						CreatedOnToolsVersion = 15.4;
					};
				};
			};
			buildConfigurationList = 5A5B6DD22C7D314000A6CD20 /* Build configuration list for PBXProject "Leetcode_task" */;
			compatibilityVersion = "Xcode 14.0";
			developmentRegion = en;
			hasScannedForEncodings = 0;
			knownRegions = (
				en,
				Base,
			);
			mainGroup = 5A5B6DCE2C7D314000A6CD20;
			productRefGroup = 5A5B6DCE2C7D314000A6CD20;
			projectDirPath = "";
			projectRoot = "";
			targets = (
				5A5B6DD62C7D314000A6CD20 /* Leetcode_task */,
			);
		};
/* End PBXProject section */

/* Begin PBXSourcesBuildPhase section */
		5A5B6DD32C7D314000A6CD20 /* Sources */ = {
			isa = PBXSourcesBuildPhase;
			buildActionMask = 2147483647;
			files = (
				5A75E5BA2CB964B6003A34C5 /* same_tree_Inv_100.cpp in Sources */,
			);
			runOnlyForDeploymentPostprocessing = 0;
		};
/* End PBXSourcesBuildPhase section */

/* Begin XCBuildConfiguration section */
		5A5B6DDC2C7D314000A6CD20 /* Debug */ = {
			isa = XCBuildConfiguration;
			buildSettings = {
				ALWAYS_SEARCH_USER_PATHS = NO;
				ASSETCATALOG_COMPILER_GENERATE_SWIFT_ASSET_SYMBOL_EXTENSIONS = YES;
				CLANG_ANALYZER_NONNULL = YES;
				CLANG_ANALYZER_NUMBER_OBJECT_CONVERSION = YES_AGGRESSIVE;
				CLANG_CXX_LANGUAGE_STANDARD = "gnu++20";
				CLANG_ENABLE_MODULES = YES;
				CLANG_ENABLE_OBJC_ARC = YES;
				CLANG_ENABLE_OBJC_WEAK = YES;
				CLANG_WARN_BLOCK_CAPTURE_AUTORELEASING = YES;
				CLANG_WARN_BOOL_CONVERSION = YES;
				CLANG_WARN_COMMA = YES;
				CLANG_WARN_CONSTANT_CONVERSION = YES;
				CLANG_WARN_DEPRECATED_OBJC_IMPLEMENTATIONS = YES;
				CLANG_WARN_DIRECT_OBJC_ISA_USAGE = YES_ERROR;
				CLANG_WARN_DOCUMENTATION_COMMENTS = YES;
				CLANG_WARN_EMPTY_BODY = YES;
				CLANG_WARN_ENUM_CONVERSION = YES;
				CLANG_WARN_INFINITE_RECURSION = YES;
				CLANG_WARN_INT_CONVERSION = YES;
				CLANG_WARN_NON_LITERAL_NULL_CONVERSION = YES;
				CLANG_WARN_OBJC_IMPLICIT_RETAIN_SELF = YES;
				CLANG_WARN_OBJC_LITERAL_CONVERSION = YES;
				CLANG_WARN_OBJC_ROOT_CLASS = YES_ERROR;
				CLANG_WARN_QUOTED_INCLUDE_IN_FRAMEWORK_HEADER = YES;
				CLANG_WARN_RANGE_LOOP_ANALYSIS = YES;
				CLANG_WARN_STRICT_PROTOTYPES = YES;
				CLANG_WARN_SUSPICIOUS_MOVE = YES;
				CLANG_WARN_UNGUARDED_AVAILABILITY = YES_AGGRESSIVE;
				CLANG_WARN_UNREACHABLE_CODE = YES;
				CLANG_WARN__DUPLICATE_METHOD_MATCH = YES;
				COPY_PHASE_STRIP = NO;
				DEBUG_INFORMATION_FORMAT = dwarf;
				ENABLE_STRICT_OBJC_MSGSEND = YES;
				ENABLE_TESTABILITY = YES;
				ENABLE_USER_SCRIPT_SANDBOXING = YES;
				GCC_C_LANGUAGE_STANDARD = gnu17;
				GCC_DYNAMIC_NO_PIC = NO;
				GCC_NO_COMMON_BLOCKS = YES;
				GCC_OPTIMIZATION_LEVEL = 0;
				GCC_PREPROCESSOR_DEFINITIONS = (
					"DEBUG=1",
					"$(inherited)",
				);
				GCC_WARN_64_TO_32_BIT_CONVERSION = YES;
				GCC_WARN_ABOUT_RETURN_TYPE = YES_ERROR;
				GCC_WARN_UNDECLARED_SELECTOR = YES;
				GCC_WARN_UNINITIALIZED_AUTOS = YES_AGGRESSIVE;
				GCC_WARN_UNUSED_FUNCTION = YES;
				GCC_WARN_UNUSED_VARIABLE = YES;
				LOCALIZATION_PREFERS_STRING_CATALOGS = YES;
				MACOSX_DEPLOYMENT_TARGET = 14.5;
				MTL_ENABLE_DEBUG_INFO = INCLUDE_SOURCE;
				MTL_FAST_MATH = YES;
				ONLY_ACTIVE_ARCH = YES;
				SDKROOT = macosx;
			};
			name = Debug;
		};
		5A5B6DDD2C7D314000A6CD20 /* Release */ = {
			isa = XCBuildConfiguration;
			buildSettings = {
				ALWAYS_SEARCH_USER_PATHS = NO;
				ASSETCATALOG_COMPILER_GENERATE_SWIFT_ASSET_SYMBOL_EXTENSIONS = YES;
				CLANG_ANALYZER_NONNULL = YES;
				CLANG_ANALYZER_NUMBER_OBJECT_CONVERSION = YES_AGGRESSIVE;
				CLANG_CXX_LANGUAGE_STANDARD = "gnu++20";
				CLANG_ENABLE_MODULES = YES;
				CLANG_ENABLE_OBJC_ARC = YES;
				CLANG_ENABLE_OBJC_WEAK = YES;
				CLANG_WARN_BLOCK_CAPTURE_AUTORELEASING = YES;
				CLANG_WARN_BOOL_CONVERSION = YES;
				CLANG_WARN_COMMA = YES;
				CLANG_WARN_CONSTANT_CONVERSION = YES;
				CLANG_WARN_DEPRECATED_OBJC_IMPLEMENTATIONS = YES;
				CLANG_WARN_DIRECT_OBJC_ISA_USAGE = YES_ERROR;
				CLANG_WARN_DOCUMENTATION_COMMENTS = YES;
				CLANG_WARN_EMPTY_BODY = YES;
				CLANG_WARN_ENUM_CONVERSION = YES;
				CLANG_WARN_INFINITE_RECURSION = YES;
				CLANG_WARN_INT_CONVERSION = YES;
				CLANG_WARN_NON_LITERAL_NULL_CONVERSION = YES;
				CLANG_WARN_OBJC_IMPLICIT_RETAIN_SELF = YES;
				CLANG_WARN_OBJC_LITERAL_CONVERSION = YES;
				CLANG_WARN_OBJC_ROOT_CLASS = YES_ERROR;
				CLANG_WARN_QUOTED_INCLUDE_IN_FRAMEWORK_HEADER = YES;
				CLANG_WARN_RANGE_LOOP_ANALYSIS = YES;
				CLANG_WARN_STRICT_PROTOTYPES = YES;
				CLANG_WARN_SUSPICIOUS_MOVE = YES;
				CLANG_WARN_UNGUARDED_AVAILABILITY = YES_AGGRESSIVE;
				CLANG_WARN_UNREACHABLE_CODE = YES;
				CLANG_WARN__DUPLICATE_METHOD_MATCH = YES;
				COPY_PHASE_STRIP = NO;
				DEBUG_INFORMATION_FORMAT = "dwarf-with-dsym";
				ENABLE_NS_ASSERTIONS = NO;
				ENABLE_STRICT_OBJC_MSGSEND = YES;
				ENABLE_USER_SCRIPT_SANDBOXING = YES;
				GCC_C_LANGUAGE_STANDARD = gnu17;
				GCC_NO_COMMON_BLOCKS = YES;
				GCC_WARN_64_TO_32_BIT_CONVERSION = YES;
				GCC_WARN_ABOUT_RETURN_TYPE = YES_ERROR;
				GCC_WARN_UNDECLARED_SELECTOR = YES;
				GCC_WARN_UNINITIALIZED_AUTOS = YES_AGGRESSIVE;
				GCC_WARN_UNUSED_FUNCTION = YES;
				GCC_WARN_UNUSED_VARIABLE = YES;
				LOCALIZATION_PREFERS_STRING_CATALOGS = YES;
				MACOSX_DEPLOYMENT_TARGET = 14.5;
				MTL_ENABLE_DEBUG_INFO = NO;
				MTL_FAST_MATH = YES;
				SDKROOT = macosx;
			};
			name = Release;
		};
		5A5B6DDF2C7D314000A6CD20 /* Debug */ = {
			isa = XCBuildConfiguration;
			buildSettings = {
				CODE_SIGN_STYLE = Automatic;
				PRODUCT_NAME = "$(TARGET_NAME)";
			};
			name = Debug;
		};
		5A5B6DE02C7D314000A6CD20 /* Release */ = {
			isa = XCBuildConfiguration;
			buildSettings = {
				CODE_SIGN_STYLE = Automatic;
				PRODUCT_NAME = "$(TARGET_NAME)";
			};
			name = Release;
		};
/* End XCBuildConfiguration section */

/* Begin XCConfigurationList section */
		5A5B6DD22C7D314000A6CD20 /* Build configuration list for PBXProject "Leetcode_task" */ = {
			isa = XCConfigurationList;
			buildConfigurations = (
				5A5B6DDC2C7D314000A6CD20 /* Debug */,
				5A5B6DDD2C7D314000A6CD20 /* Release */,
			);
			defaultConfigurationIsVisible = 0;
			defaultConfigurationName = Release;
		};
		5A5B6DDE2C7D314000A6CD20 /* Build configuration list for PBXNativeTarget "Leetcode_task" */ = {
			isa = XCConfigurationList;
			buildConfigurations = (
				5A5B6DDF2C7D314000A6CD20 /* Debug */,
				5A5B6DE02C7D314000A6CD20 /* Release */,
			);
			defaultConfigurationIsVisible = 0;
			defaultConfigurationName = Release;
		};
/* End XCConfigurationList section */
	};
	rootObject = 5A5B6DCF2C7D314000A6CD20 /* Project object */;
}
